
Microsoft Visual Studio Solution File, Format Version 12.00
# Visual Studio Version 17
VisualStudioVersion = 17.7.34031.279
MinimumVisualStudioVersion = 10.0.40219.1
Project("{FAE04EC0-301F-11D3-BF4B-00C04F79EFBC}") = "UpWorkExample", "UpWorkExample\UpWorkExample.csproj", "{66F3D320-0433-476F-BDAC-7B9213F1BA31}"
EndProject
Global
	GlobalSection(SolutionConfigurationPlatforms) = preSolution
		Debug|Any CPU = Debug|Any CPU
		Release|Any CPU = Release|Any CPU
	EndGlobalSection
	GlobalSection(ProjectConfigurationPlatforms) = postSolution
		{66F3D320-0433-476F-BDAC-7B9213F1BA31}.Debug|Any CPU.ActiveCfg = Debug|Any CPU
		{66F3D320-0433-476F-BDAC-7B9213F1BA31}.Debug|Any CPU.Build.0 = Debug|Any CPU
		{66F3D320-0433-476F-BDAC-7B9213F1BA31}.Release|Any CPU.ActiveCfg = Release|Any CPU
		{66F3D320-0433-476F-BDAC-7B9213F1BA31}.Release|Any CPU.Build.0 = Release|Any CPU
	EndGlobalSection
	GlobalSection(SolutionProperties) = preSolution
		HideSolutionNode = FALSE
	EndGlobalSection
	GlobalSection(ExtensibilityGlobals) = postSolution
		SolutionGuid = {B7DC80F5-4901-4D1A-9B62-581C9444D333}
	EndGlobalSection
EndGlobal
